
Microsoft Visual Studio Solution File, Format Version 12.00
# Visual Studio Version 17
VisualStudioVersion = 17.3.32825.248
MinimumVisualStudioVersion = 10.0.40219.1
Project("{9A19103F-16F7-4668-BE54-9A1E7A4F7556}") = "Controller", "Controller\Controller.csproj", "{9A7882F0-7046-40D7-93EA-4CCB66083CEB}"
EndProject
Project("{FAE04EC0-301F-11D3-BF4B-00C04F79EFBC}") = "Service", "Service\Service.csproj", "{BEFB5E87-F031-4775-934E-B23956A4B6DF}"
EndProject
Project("{FAE04EC0-301F-11D3-BF4B-00C04F79EFBC}") = "Repository", "Repository\Repository.csproj", "{3610C550-60EB-49EE-83FF-87D915D087F0}"
EndProject
Project("{FAE04EC0-301F-11D3-BF4B-00C04F79EFBC}") = "DAL", "DAL\DAL.csproj", "{6C04FCFB-5E7D-4370-8DDB-78538C42DF01}"
EndProject
Project("{FAE04EC0-301F-11D3-BF4B-00C04F79EFBC}") = "Domain", "Domain\Domain.csproj", "{CC8BDE2D-C6A7-495A-B60F-336BEC904601}"
EndProject
Global
	GlobalSection(SolutionConfigurationPlatforms) = preSolution
		Debug|Any CPU = Debug|Any CPU
		Release|Any CPU = Release|Any CPU
	EndGlobalSection
	GlobalSection(ProjectConfigurationPlatforms) = postSolution
		{9A7882F0-7046-40D7-93EA-4CCB66083CEB}.Debug|Any CPU.ActiveCfg = Debug|Any CPU
		{9A7882F0-7046-40D7-93EA-4CCB66083CEB}.Debug|Any CPU.Build.0 = Debug|Any CPU
		{9A7882F0-7046-40D7-93EA-4CCB66083CEB}.Release|Any CPU.ActiveCfg = Release|Any CPU
		{9A7882F0-7046-40D7-93EA-4CCB66083CEB}.Release|Any CPU.Build.0 = Release|Any CPU
		{BEFB5E87-F031-4775-934E-B23956A4B6DF}.Debug|Any CPU.ActiveCfg = Debug|Any CPU
		{BEFB5E87-F031-4775-934E-B23956A4B6DF}.Debug|Any CPU.Build.0 = Debug|Any CPU
		{BEFB5E87-F031-4775-934E-B23956A4B6DF}.Release|Any CPU.ActiveCfg = Release|Any CPU
		{BEFB5E87-F031-4775-934E-B23956A4B6DF}.Release|Any CPU.Build.0 = Release|Any CPU
		{3610C550-60EB-49EE-83FF-87D915D087F0}.Debug|Any CPU.ActiveCfg = Debug|Any CPU
		{3610C550-60EB-49EE-83FF-87D915D087F0}.Debug|Any CPU.Build.0 = Debug|Any CPU
		{3610C550-60EB-49EE-83FF-87D915D087F0}.Release|Any CPU.ActiveCfg = Release|Any CPU
		{3610C550-60EB-49EE-83FF-87D915D087F0}.Release|Any CPU.Build.0 = Release|Any CPU
		{6C04FCFB-5E7D-4370-8DDB-78538C42DF01}.Debug|Any CPU.ActiveCfg = Debug|Any CPU
		{6C04FCFB-5E7D-4370-8DDB-78538C42DF01}.Debug|Any CPU.Build.0 = Debug|Any CPU
		{6C04FCFB-5E7D-4370-8DDB-78538C42DF01}.Release|Any CPU.ActiveCfg = Release|Any CPU
		{6C04FCFB-5E7D-4370-8DDB-78538C42DF01}.Release|Any CPU.Build.0 = Release|Any CPU
		{CC8BDE2D-C6A7-495A-B60F-336BEC904601}.Debug|Any CPU.ActiveCfg = Debug|Any CPU
		{CC8BDE2D-C6A7-495A-B60F-336BEC904601}.Debug|Any CPU.Build.0 = Debug|Any CPU
		{CC8BDE2D-C6A7-495A-B60F-336BEC904601}.Release|Any CPU.ActiveCfg = Release|Any CPU
		{CC8BDE2D-C6A7-495A-B60F-336BEC904601}.Release|Any CPU.Build.0 = Release|Any CPU
	EndGlobalSection
	GlobalSection(SolutionProperties) = preSolution
		HideSolutionNode = FALSE
	EndGlobalSection
	GlobalSection(ExtensibilityGlobals) = postSolution
		SolutionGuid = {8D971C1D-F36B-4163-AD1B-DC55A4C835D7}
	EndGlobalSection
EndGlobal
